// !$*UTF8*$!
{
	archiveVersion = 1;
	classes = {
	};
	objectVersion = 50;
	objects = {

/* Begin PBXBuildFile section */
		DE29A5F024D76F7400A7176F /* FoodOrderView.swift in Sources */ = {isa = PBXBuildFile; fileRef = DE29A5EF24D76F7400A7176F /* FoodOrderView.swift */; };
		DE29A5F224D771ED00A7176F /* AppView.swift in Sources */ = {isa = PBXBuildFile; fileRef = DE29A5F124D771ED00A7176F /* AppView.swift */; };
		DE4F732C24CE147200818925 /* FoodDetailsView.swift in Sources */ = {isa = PBXBuildFile; fileRef = DE4F732B24CE147200818925 /* FoodDetailsView.swift */; };
		DE595CC724CCEECE0075E460 /* AppDelegate.swift in Sources */ = {isa = PBXBuildFile; fileRef = DE595CC624CCEECE0075E460 /* AppDelegate.swift */; };
		DE595CC924CCEECE0075E460 /* SceneDelegate.swift in Sources */ = {isa = PBXBuildFile; fileRef = DE595CC824CCEECE0075E460 /* SceneDelegate.swift */; };
		DE595CCB24CCEECE0075E460 /* FoodMenuView.swift in Sources */ = {isa = PBXBuildFile; fileRef = DE595CCA24CCEECE0075E460 /* FoodMenuView.swift */; };
		DE595CCD24CCEED30075E460 /* Assets.xcassets in Resources */ = {isa = PBXBuildFile; fileRef = DE595CCC24CCEED30075E460 /* Assets.xcassets */; };
		DE595CD024CCEED30075E460 /* Preview Assets.xcassets in Resources */ = {isa = PBXBuildFile; fileRef = DE595CCF24CCEED30075E460 /* Preview Assets.xcassets */; };
		DE595CD324CCEED30075E460 /* LaunchScreen.storyboard in Resources */ = {isa = PBXBuildFile; fileRef = DE595CD124CCEED30075E460 /* LaunchScreen.storyboard */; };
		DE595CDE24CDD71E0075E460 /* MenuItem.swift in Sources */ = {isa = PBXBuildFile; fileRef = DE595CDA24CDD71D0075E460 /* MenuItem.swift */; };
		DE595CDF24CDD71E0075E460 /* Order.swift in Sources */ = {isa = PBXBuildFile; fileRef = DE595CDB24CDD71D0075E460 /* Order.swift */; };
		DE595CE024CDD71E0075E460 /* Helper.swift in Sources */ = {isa = PBXBuildFile; fileRef = DE595CDC24CDD71D0075E460 /* Helper.swift */; };
		DE595CE124CDD71E0075E460 /* menu.json in Resources */ = {isa = PBXBuildFile; fileRef = DE595CDD24CDD71D0075E460 /* menu.json */; };
		DE7D4A7224CDF67800208EC7 /* FoodItemCell.swift in Sources */ = {isa = PBXBuildFile; fileRef = DE7D4A7124CDF67800208EC7 /* FoodItemCell.swift */; };
		DE7D4A7424CDF69900208EC7 /* MenuSection.swift in Sources */ = {isa = PBXBuildFile; fileRef = DE7D4A7324CDF69900208EC7 /* MenuSection.swift */; };
		DE90C79E24D7783300C9974E /* CheckoutView.swift in Sources */ = {isa = PBXBuildFile; fileRef = DE90C79D24D7783300C9974E /* CheckoutView.swift */; };
/* End PBXBuildFile section */

/* Begin PBXFileReference section */
		DE29A5EF24D76F7400A7176F /* FoodOrderView.swift */ = {isa = PBXFileReference; lastKnownFileType = sourcecode.swift; path = FoodOrderView.swift; sourceTree = "<group>"; };
		DE29A5F124D771ED00A7176F /* AppView.swift */ = {isa = PBXFileReference; lastKnownFileType = sourcecode.swift; path = AppView.swift; sourceTree = "<group>"; };
		DE4F732B24CE147200818925 /* FoodDetailsView.swift */ = {isa = PBXFileReference; lastKnownFileType = sourcecode.swift; path = FoodDetailsView.swift; sourceTree = "<group>"; };
		DE595CC324CCEECE0075E460 /* FoodSwiftUI.app */ = {isa = PBXFileReference; explicitFileType = wrapper.application; includeInIndex = 0; path = FoodSwiftUI.app; sourceTree = BUILT_PRODUCTS_DIR; };
		DE595CC624CCEECE0075E460 /* AppDelegate.swift */ = {isa = PBXFileReference; lastKnownFileType = sourcecode.swift; path = AppDelegate.swift; sourceTree = "<group>"; };
		DE595CC824CCEECE0075E460 /* SceneDelegate.swift */ = {isa = PBXFileReference; lastKnownFileType = sourcecode.swift; path = SceneDelegate.swift; sourceTree = "<group>"; };
		DE595CCA24CCEECE0075E460 /* FoodMenuView.swift */ = {isa = PBXFileReference; lastKnownFileType = sourcecode.swift; path = FoodMenuView.swift; sourceTree = "<group>"; };
		DE595CCC24CCEED30075E460 /* Assets.xcassets */ = {isa = PBXFileReference; lastKnownFileType = folder.assetcatalog; path = Assets.xcassets; sourceTree = "<group>"; };
		DE595CCF24CCEED30075E460 /* Preview Assets.xcassets */ = {isa = PBXFileReference; lastKnownFileType = folder.assetcatalog; path = "Preview Assets.xcassets"; sourceTree = "<group>"; };
		DE595CD224CCEED30075E460 /* Base */ = {isa = PBXFileReference; lastKnownFileType = file.storyboard; name = Base; path = Base.lproj/LaunchScreen.storyboard; sourceTree = "<group>"; };
		DE595CD424CCEED30075E460 /* Info.plist */ = {isa = PBXFileReference; lastKnownFileType = text.plist.xml; path = Info.plist; sourceTree = "<group>"; };
		DE595CDA24CDD71D0075E460 /* MenuItem.swift */ = {isa = PBXFileReference; fileEncoding = 4; lastKnownFileType = sourcecode.swift; path = MenuItem.swift; sourceTree = "<group>"; };
		DE595CDB24CDD71D0075E460 /* Order.swift */ = {isa = PBXFileReference; fileEncoding = 4; lastKnownFileType = sourcecode.swift; path = Order.swift; sourceTree = "<group>"; };
		DE595CDC24CDD71D0075E460 /* Helper.swift */ = {isa = PBXFileReference; fileEncoding = 4; lastKnownFileType = sourcecode.swift; path = Helper.swift; sourceTree = "<group>"; };
		DE595CDD24CDD71D0075E460 /* menu.json */ = {isa = PBXFileReference; fileEncoding = 4; lastKnownFileType = text.json; path = menu.json; sourceTree = "<group>"; };
		DE7D4A7124CDF67800208EC7 /* FoodItemCell.swift */ = {isa = PBXFileReference; lastKnownFileType = sourcecode.swift; path = FoodItemCell.swift; sourceTree = "<group>"; };
		DE7D4A7324CDF69900208EC7 /* MenuSection.swift */ = {isa = PBXFileReference; lastKnownFileType = sourcecode.swift; path = MenuSection.swift; sourceTree = "<group>"; };
		DE90C79D24D7783300C9974E /* CheckoutView.swift */ = {isa = PBXFileReference; lastKnownFileType = sourcecode.swift; path = CheckoutView.swift; sourceTree = "<group>"; };
/* End PBXFileReference section */

/* Begin PBXFrameworksBuildPhase section */
		DE595CC024CCEECE0075E460 /* Frameworks */ = {
			isa = PBXFrameworksBuildPhase;
			buildActionMask = 2147483647;
			files = (
			);
			runOnlyForDeploymentPostprocessing = 0;
		};
/* End PBXFrameworksBuildPhase section */

/* Begin PBXGroup section */
		DE4F732824CE131B00818925 /* FoodDetails */ = {
			isa = PBXGroup;
			children = (
				DE4F732B24CE147200818925 /* FoodDetailsView.swift */,
			);
			path = FoodDetails;
			sourceTree = "<group>";
		};
		DE595CBA24CCEECE0075E460 = {
			isa = PBXGroup;
			children = (
				DE595CC524CCEECE0075E460 /* FoodSwiftUI */,
				DE595CC424CCEECE0075E460 /* Products */,
			);
			sourceTree = "<group>";
		};
		DE595CC424CCEECE0075E460 /* Products */ = {
			isa = PBXGroup;
			children = (
				DE595CC324CCEECE0075E460 /* FoodSwiftUI.app */,
			);
			name = Products;
			sourceTree = "<group>";
		};
		DE595CC524CCEECE0075E460 /* FoodSwiftUI */ = {
			isa = PBXGroup;
			children = (
				DE7D4A6E24CDF56C00208EC7 /* Scenes */,
				DE595CE424CDDBDC0075E460 /* Helpers */,
				DE595CC624CCEECE0075E460 /* AppDelegate.swift */,
				DE595CC824CCEECE0075E460 /* SceneDelegate.swift */,
				DE595CE324CDDBD00075E460 /* Support Files */,
				DE595CD424CCEED30075E460 /* Info.plist */,
				DE595CCE24CCEED30075E460 /* Preview Content */,
			);
			path = FoodSwiftUI;
			sourceTree = "<group>";
		};
		DE595CCE24CCEED30075E460 /* Preview Content */ = {
			isa = PBXGroup;
			children = (
				DE595CCF24CCEED30075E460 /* Preview Assets.xcassets */,
			);
			path = "Preview Content";
			sourceTree = "<group>";
		};
		DE595CE324CDDBD00075E460 /* Support Files */ = {
			isa = PBXGroup;
			children = (
				DE595CDD24CDD71D0075E460 /* menu.json */,
				DE595CD124CCEED30075E460 /* LaunchScreen.storyboard */,
				DE595CCC24CCEED30075E460 /* Assets.xcassets */,
			);
			path = "Support Files";
			sourceTree = "<group>";
		};
		DE595CE424CDDBDC0075E460 /* Helpers */ = {
			isa = PBXGroup;
			children = (
				DE595CDC24CDD71D0075E460 /* Helper.swift */,
			);
			name = Helpers;
			sourceTree = "<group>";
		};
		DE7D4A6E24CDF56C00208EC7 /* Scenes */ = {
			isa = PBXGroup;
			children = (
				DE90C79A24D776D900C9974E /* CommonView */,
				DE7D4A6F24CDF57600208EC7 /* FoodMenu */,
				DE4F732824CE131B00818925 /* FoodDetails */,
				DE90C79B24D7777100C9974E /* Order */,
				DE90C79C24D777EE00C9974E /* Checkout */,
			);
			path = Scenes;
			sourceTree = "<group>";
		};
		DE7D4A6F24CDF57600208EC7 /* FoodMenu */ = {
			isa = PBXGroup;
			children = (
				DE595CDA24CDD71D0075E460 /* MenuItem.swift */,
				DE7D4A7324CDF69900208EC7 /* MenuSection.swift */,
				DE595CCA24CCEECE0075E460 /* FoodMenuView.swift */,
				DE7D4A7024CDF58200208EC7 /* Cells */,
			);
			path = FoodMenu;
			sourceTree = "<group>";
		};
		DE7D4A7024CDF58200208EC7 /* Cells */ = {
			isa = PBXGroup;
			children = (
				DE7D4A7124CDF67800208EC7 /* FoodItemCell.swift */,
			);
			path = Cells;
			sourceTree = "<group>";
		};
		DE90C79A24D776D900C9974E /* CommonView */ = {
			isa = PBXGroup;
			children = (
				DE29A5F124D771ED00A7176F /* AppView.swift */,
			);
			path = CommonView;
			sourceTree = "<group>";
		};
		DE90C79B24D7777100C9974E /* Order */ = {
			isa = PBXGroup;
			children = (
				DE595CDB24CDD71D0075E460 /* Order.swift */,
				DE29A5EF24D76F7400A7176F /* FoodOrderView.swift */,
			);
			path = Order;
			sourceTree = "<group>";
		};
		DE90C79C24D777EE00C9974E /* Checkout */ = {
			isa = PBXGroup;
			children = (
				DE90C79D24D7783300C9974E /* CheckoutView.swift */,
			);
			path = Checkout;
			sourceTree = "<group>";
		};
/* End PBXGroup section */

/* Begin PBXNativeTarget section */
		DE595CC224CCEECE0075E460 /* FoodSwiftUI */ = {
			isa = PBXNativeTarget;
			buildConfigurationList = DE595CD724CCEED30075E460 /* Build configuration list for PBXNativeTarget "FoodSwiftUI" */;
			buildPhases = (
				DE595CBF24CCEECE0075E460 /* Sources */,
				DE595CC024CCEECE0075E460 /* Frameworks */,
				DE595CC124CCEECE0075E460 /* Resources */,
			);
			buildRules = (
			);
			dependencies = (
			);
			name = FoodSwiftUI;
			productName = FoodSwiftUI;
			productReference = DE595CC324CCEECE0075E460 /* FoodSwiftUI.app */;
			productType = "com.apple.product-type.application";
		};
/* End PBXNativeTarget section */

/* Begin PBXProject section */
		DE595CBB24CCEECE0075E460 /* Project object */ = {
			isa = PBXProject;
			attributes = {
				LastSwiftUpdateCheck = 1160;
				LastUpgradeCheck = 1160;
				ORGANIZATIONNAME = "Gabriel Figueiredo Conte";
				TargetAttributes = {
					DE595CC224CCEECE0075E460 = {
						CreatedOnToolsVersion = 11.6;
					};
				};
			};
			buildConfigurationList = DE595CBE24CCEECE0075E460 /* Build configuration list for PBXProject "FoodSwiftUI" */;
			compatibilityVersion = "Xcode 9.3";
			developmentRegion = en;
			hasScannedForEncodings = 0;
			knownRegions = (
				en,
				Base,
			);
			mainGroup = DE595CBA24CCEECE0075E460;
			productRefGroup = DE595CC424CCEECE0075E460 /* Products */;
			projectDirPath = "";
			projectRoot = "";
			targets = (
				DE595CC224CCEECE0075E460 /* FoodSwiftUI */,
			);
		};
/* End PBXProject section */

/* Begin PBXResourcesBuildPhase section */
		DE595CC124CCEECE0075E460 /* Resources */ = {
			isa = PBXResourcesBuildPhase;
			buildActionMask = 2147483647;
			files = (
				DE595CD324CCEED30075E460 /* LaunchScreen.storyboard in Resources */,
				DE595CD024CCEED30075E460 /* Preview Assets.xcassets in Resources */,
				DE595CE124CDD71E0075E460 /* menu.json in Resources */,
				DE595CCD24CCEED30075E460 /* Assets.xcassets in Resources */,
			);
			runOnlyForDeploymentPostprocessing = 0;
		};
/* End PBXResourcesBuildPhase section */

/* Begin PBXSourcesBuildPhase section */
		DE595CBF24CCEECE0075E460 /* Sources */ = {
			isa = PBXSourcesBuildPhase;
			buildActionMask = 2147483647;
			files = (
				DE595CC724CCEECE0075E460 /* AppDelegate.swift in Sources */,
				DE595CC924CCEECE0075E460 /* SceneDelegate.swift in Sources */,
				DE90C79E24D7783300C9974E /* CheckoutView.swift in Sources */,
				DE595CDF24CDD71E0075E460 /* Order.swift in Sources */,
				DE595CDE24CDD71E0075E460 /* MenuItem.swift in Sources */,
				DE29A5F224D771ED00A7176F /* AppView.swift in Sources */,
				DE595CCB24CCEECE0075E460 /* FoodMenuView.swift in Sources */,
				DE29A5F024D76F7400A7176F /* FoodOrderView.swift in Sources */,
				DE7D4A7224CDF67800208EC7 /* FoodItemCell.swift in Sources */,
				DE7D4A7424CDF69900208EC7 /* MenuSection.swift in Sources */,
				DE4F732C24CE147200818925 /* FoodDetailsView.swift in Sources */,
				DE595CE024CDD71E0075E460 /* Helper.swift in Sources */,
			);
			runOnlyForDeploymentPostprocessing = 0;
		};
/* End PBXSourcesBuildPhase section */

/* Begin PBXVariantGroup section */
		DE595CD124CCEED30075E460 /* LaunchScreen.storyboard */ = {
			isa = PBXVariantGroup;
			children = (
				DE595CD224CCEED30075E460 /* Base */,
			);
			name = LaunchScreen.storyboard;
			sourceTree = "<group>";
		};
/* End PBXVariantGroup section */

/* Begin XCBuildConfiguration section */
		DE595CD524CCEED30075E460 /* Debug */ = {
			isa = XCBuildConfiguration;
			buildSettings = {
				ALWAYS_SEARCH_USER_PATHS = NO;
				CLANG_ANALYZER_NONNULL = YES;
				CLANG_ANALYZER_NUMBER_OBJECT_CONVERSION = YES_AGGRESSIVE;
				CLANG_CXX_LANGUAGE_STANDARD = "gnu++14";
				CLANG_CXX_LIBRARY = "libc++";
				CLANG_ENABLE_MODULES = YES;
				CLANG_ENABLE_OBJC_ARC = YES;
				CLANG_ENABLE_OBJC_WEAK = YES;
				CLANG_WARN_BLOCK_CAPTURE_AUTORELEASING = YES;
				CLANG_WARN_BOOL_CONVERSION = YES;
				CLANG_WARN_COMMA = YES;
				CLANG_WARN_CONSTANT_CONVERSION = YES;
				CLANG_WARN_DEPRECATED_OBJC_IMPLEMENTATIONS = YES;
				CLANG_WARN_DIRECT_OBJC_ISA_USAGE = YES_ERROR;
				CLANG_WARN_DOCUMENTATION_COMMENTS = YES;
				CLANG_WARN_EMPTY_BODY = YES;
				CLANG_WARN_ENUM_CONVERSION = YES;
				CLANG_WARN_INFINITE_RECURSION = YES;
				CLANG_WARN_INT_CONVERSION = YES;
				CLANG_WARN_NON_LITERAL_NULL_CONVERSION = YES;
				CLANG_WARN_OBJC_IMPLICIT_RETAIN_SELF = YES;
				CLANG_WARN_OBJC_LITERAL_CONVERSION = YES;
				CLANG_WARN_OBJC_ROOT_CLASS = YES_ERROR;
				CLANG_WARN_RANGE_LOOP_ANALYSIS = YES;
				CLANG_WARN_STRICT_PROTOTYPES = YES;
				CLANG_WARN_SUSPICIOUS_MOVE = YES;
				CLANG_WARN_UNGUARDED_AVAILABILITY = YES_AGGRESSIVE;
				CLANG_WARN_UNREACHABLE_CODE = YES;
				CLANG_WARN__DUPLICATE_METHOD_MATCH = YES;
				COPY_PHASE_STRIP = NO;
				DEBUG_INFORMATION_FORMAT = dwarf;
				ENABLE_STRICT_OBJC_MSGSEND = YES;
				ENABLE_TESTABILITY = YES;
				GCC_C_LANGUAGE_STANDARD = gnu11;
				GCC_DYNAMIC_NO_PIC = NO;
				GCC_NO_COMMON_BLOCKS = YES;
				GCC_OPTIMIZATION_LEVEL = 0;
				GCC_PREPROCESSOR_DEFINITIONS = (
					"DEBUG=1",
					"$(inherited)",
				);
				GCC_WARN_64_TO_32_BIT_CONVERSION = YES;
				GCC_WARN_ABOUT_RETURN_TYPE = YES_ERROR;
				GCC_WARN_UNDECLARED_SELECTOR = YES;
				GCC_WARN_UNINITIALIZED_AUTOS = YES_AGGRESSIVE;
				GCC_WARN_UNUSED_FUNCTION = YES;
				GCC_WARN_UNUSED_VARIABLE = YES;
				IPHONEOS_DEPLOYMENT_TARGET = 13.6;
				MTL_ENABLE_DEBUG_INFO = INCLUDE_SOURCE;
				MTL_FAST_MATH = YES;
				ONLY_ACTIVE_ARCH = YES;
				SDKROOT = iphoneos;
				SWIFT_ACTIVE_COMPILATION_CONDITIONS = DEBUG;
				SWIFT_OPTIMIZATION_LEVEL = "-Onone";
			};
			name = Debug;
		};
		DE595CD624CCEED30075E460 /* Release */ = {
			isa = XCBuildConfiguration;
			buildSettings = {
				ALWAYS_SEARCH_USER_PATHS = NO;
				CLANG_ANALYZER_NONNULL = YES;
				CLANG_ANALYZER_NUMBER_OBJECT_CONVERSION = YES_AGGRESSIVE;
				CLANG_CXX_LANGUAGE_STANDARD = "gnu++14";
				CLANG_CXX_LIBRARY = "libc++";
				CLANG_ENABLE_MODULES = YES;
				CLANG_ENABLE_OBJC_ARC = YES;
				CLANG_ENABLE_OBJC_WEAK = YES;
				CLANG_WARN_BLOCK_CAPTURE_AUTORELEASING = YES;
				CLANG_WARN_BOOL_CONVERSION = YES;
				CLANG_WARN_COMMA = YES;
				CLANG_WARN_CONSTANT_CONVERSION = YES;
				CLANG_WARN_DEPRECATED_OBJC_IMPLEMENTATIONS = YES;
				CLANG_WARN_DIRECT_OBJC_ISA_USAGE = YES_ERROR;
				CLANG_WARN_DOCUMENTATION_COMMENTS = YES;
				CLANG_WARN_EMPTY_BODY = YES;
				CLANG_WARN_ENUM_CONVERSION = YES;
				CLANG_WARN_INFINITE_RECURSION = YES;
				CLANG_WARN_INT_CONVERSION = YES;
				CLANG_WARN_NON_LITERAL_NULL_CONVERSION = YES;
				CLANG_WARN_OBJC_IMPLICIT_RETAIN_SELF = YES;
				CLANG_WARN_OBJC_LITERAL_CONVERSION = YES;
				CLANG_WARN_OBJC_ROOT_CLASS = YES_ERROR;
				CLANG_WARN_RANGE_LOOP_ANALYSIS = YES;
				CLANG_WARN_STRICT_PROTOTYPES = YES;
				CLANG_WARN_SUSPICIOUS_MOVE = YES;
				CLANG_WARN_UNGUARDED_AVAILABILITY = YES_AGGRESSIVE;
				CLANG_WARN_UNREACHABLE_CODE = YES;
				CLANG_WARN__DUPLICATE_METHOD_MATCH = YES;
				COPY_PHASE_STRIP = NO;
				DEBUG_INFORMATION_FORMAT = "dwarf-with-dsym";
				ENABLE_NS_ASSERTIONS = NO;
				ENABLE_STRICT_OBJC_MSGSEND = YES;
				GCC_C_LANGUAGE_STANDARD = gnu11;
				GCC_NO_COMMON_BLOCKS = YES;
				GCC_WARN_64_TO_32_BIT_CONVERSION = YES;
				GCC_WARN_ABOUT_RETURN_TYPE = YES_ERROR;
				GCC_WARN_UNDECLARED_SELECTOR = YES;
				GCC_WARN_UNINITIALIZED_AUTOS = YES_AGGRESSIVE;
				GCC_WARN_UNUSED_FUNCTION = YES;
				GCC_WARN_UNUSED_VARIABLE = YES;
				IPHONEOS_DEPLOYMENT_TARGET = 13.6;
				MTL_ENABLE_DEBUG_INFO = NO;
				MTL_FAST_MATH = YES;
				SDKROOT = iphoneos;
				SWIFT_COMPILATION_MODE = wholemodule;
				SWIFT_OPTIMIZATION_LEVEL = "-O";
				VALIDATE_PRODUCT = YES;
			};
			name = Release;
		};
		DE595CD824CCEED30075E460 /* Debug */ = {
			isa = XCBuildConfiguration;
			buildSettings = {
				ASSETCATALOG_COMPILER_APPICON_NAME = AppIcon;
				CODE_SIGN_STYLE = Automatic;
				DEVELOPMENT_ASSET_PATHS = "\"FoodSwiftUI/Preview Content\"";
				DEVELOPMENT_TEAM = 2HR54FA3Z7;
				ENABLE_PREVIEWS = YES;
				INFOPLIST_FILE = FoodSwiftUI/Info.plist;
				LD_RUNPATH_SEARCH_PATHS = (
					"$(inherited)",
					"@executable_path/Frameworks",
				);
				PRODUCT_BUNDLE_IDENTIFIER = gabrielcontee.FoodSwiftUI;
				PRODUCT_NAME = "$(TARGET_NAME)";
				SWIFT_VERSION = 5.0;
				TARGETED_DEVICE_FAMILY = "1,2";
			};
			name = Debug;
		};
		DE595CD924CCEED30075E460 /* Release */ = {
			isa = XCBuildConfiguration;
			buildSettings = {
				ASSETCATALOG_COMPILER_APPICON_NAME = AppIcon;
				CODE_SIGN_STYLE = Automatic;
				DEVELOPMENT_ASSET_PATHS = "\"FoodSwiftUI/Preview Content\"";
				DEVELOPMENT_TEAM = 2HR54FA3Z7;
				ENABLE_PREVIEWS = YES;
				INFOPLIST_FILE = FoodSwiftUI/Info.plist;
				LD_RUNPATH_SEARCH_PATHS = (
					"$(inherited)",
					"@executable_path/Frameworks",
				);
				PRODUCT_BUNDLE_IDENTIFIER = gabrielcontee.FoodSwiftUI;
				PRODUCT_NAME = "$(TARGET_NAME)";
				SWIFT_VERSION = 5.0;
				TARGETED_DEVICE_FAMILY = "1,2";
			};
			name = Release;
		};
/* End XCBuildConfiguration section */

/* Begin XCConfigurationList section */
		DE595CBE24CCEECE0075E460 /* Build configuration list for PBXProject "FoodSwiftUI" */ = {
			isa = XCConfigurationList;
			buildConfigurations = (
				DE595CD524CCEED30075E460 /* Debug */,
				DE595CD624CCEED30075E460 /* Release */,
			);
			defaultConfigurationIsVisible = 0;
			defaultConfigurationName = Release;
		};
		DE595CD724CCEED30075E460 /* Build configuration list for PBXNativeTarget "FoodSwiftUI" */ = {
			isa = XCConfigurationList;
			buildConfigurations = (
				DE595CD824CCEED30075E460 /* Debug */,
				DE595CD924CCEED30075E460 /* Release */,
			);
			defaultConfigurationIsVisible = 0;
			defaultConfigurationName = Release;
		};
/* End XCConfigurationList section */
	};
	rootObject = DE595CBB24CCEECE0075E460 /* Project object */;
}
